
Microsoft Visual Studio Solution File, Format Version 12.00
# Visual Studio Version 16
VisualStudioVersion = 16.0.31402.337
MinimumVisualStudioVersion = 10.0.40219.1
Project("{FAE04EC0-301F-11D3-BF4B-00C04F79EFBC}") = "Nanasaki", "Nanasaki\Nanasaki.csproj", "{FB671476-5A79-47A0-88D4-697DF885AEDA}"
EndProject
Global
	GlobalSection(SolutionConfigurationPlatforms) = preSolution
		Debug|Any CPU = Debug|Any CPU
		Release|Any CPU = Release|Any CPU
	EndGlobalSection
	GlobalSection(ProjectConfigurationPlatforms) = postSolution
		{FB671476-5A79-47A0-88D4-697DF885AEDA}.Debug|Any CPU.ActiveCfg = Debug|Any CPU
		{FB671476-5A79-47A0-88D4-697DF885AEDA}.Debug|Any CPU.Build.0 = Debug|Any CPU
		{FB671476-5A79-47A0-88D4-697DF885AEDA}.Release|Any CPU.ActiveCfg = Release|Any CPU
		{FB671476-5A79-47A0-88D4-697DF885AEDA}.Release|Any CPU.Build.0 = Release|Any CPU
	EndGlobalSection
	GlobalSection(SolutionProperties) = preSolution
		HideSolutionNode = FALSE
	EndGlobalSection
	GlobalSection(ExtensibilityGlobals) = postSolution
		SolutionGuid = {2C76A4BE-469A-4664-96F8-85BC9603F849}
	EndGlobalSection
EndGlobal
